
Microsoft Visual Studio Solution File, Format Version 12.00
# Visual Studio Version 17
VisualStudioVersion = 17.13.35828.75 d17.13
MinimumVisualStudioVersion = 10.0.40219.1
Project("{FAE04EC0-301F-11D3-BF4B-00C04F79EFBC}") = "BackEndWebAPI", "BackEndWebAPI\BackEndWebAPI.csproj", "{81623F52-81AB-4171-8AEC-563604B007D6}"
EndProject
Project("{FAE04EC0-301F-11D3-BF4B-00C04F79EFBC}") = "ProductRepository", "ProductRepository\ProductRepository.csproj", "{713BD938-7428-4F1D-A4C8-91A06B87B577}"
EndProject
Project("{FAE04EC0-301F-11D3-BF4B-00C04F79EFBC}") = "ProductService", "ProductService\ProductService.csproj", "{7EEA876E-0BA7-4A76-8131-B356185E9031}"
EndProject
Global
	GlobalSection(SolutionConfigurationPlatforms) = preSolution
		Debug|Any CPU = Debug|Any CPU
		Release|Any CPU = Release|Any CPU
	EndGlobalSection
	GlobalSection(ProjectConfigurationPlatforms) = postSolution
		{81623F52-81AB-4171-8AEC-563604B007D6}.Debug|Any CPU.ActiveCfg = Debug|Any CPU
		{81623F52-81AB-4171-8AEC-563604B007D6}.Debug|Any CPU.Build.0 = Debug|Any CPU
		{81623F52-81AB-4171-8AEC-563604B007D6}.Release|Any CPU.ActiveCfg = Release|Any CPU
		{81623F52-81AB-4171-8AEC-563604B007D6}.Release|Any CPU.Build.0 = Release|Any CPU
		{713BD938-7428-4F1D-A4C8-91A06B87B577}.Debug|Any CPU.ActiveCfg = Debug|Any CPU
		{713BD938-7428-4F1D-A4C8-91A06B87B577}.Debug|Any CPU.Build.0 = Debug|Any CPU
		{713BD938-7428-4F1D-A4C8-91A06B87B577}.Release|Any CPU.ActiveCfg = Release|Any CPU
		{713BD938-7428-4F1D-A4C8-91A06B87B577}.Release|Any CPU.Build.0 = Release|Any CPU
		{7EEA876E-0BA7-4A76-8131-B356185E9031}.Debug|Any CPU.ActiveCfg = Debug|Any CPU
		{7EEA876E-0BA7-4A76-8131-B356185E9031}.Debug|Any CPU.Build.0 = Debug|Any CPU
		{7EEA876E-0BA7-4A76-8131-B356185E9031}.Release|Any CPU.ActiveCfg = Release|Any CPU
		{7EEA876E-0BA7-4A76-8131-B356185E9031}.Release|Any CPU.Build.0 = Release|Any CPU
	EndGlobalSection
	GlobalSection(SolutionProperties) = preSolution
		HideSolutionNode = FALSE
	EndGlobalSection
	GlobalSection(ExtensibilityGlobals) = postSolution
		SolutionGuid = {305BDDA6-4BB2-466D-94C2-D143555EE2B2}
	EndGlobalSection
EndGlobal
